PODS:
  - Action (4.2.0):
    - RxCocoa (< 7.0, >= 5.0)
    - RxSwift (< 7.0, >= 5.0)
  - Alamofire (5.4.1)
  - Differentiator (4.0.1)
  - DynamicBlurView (4.1.0)
  - Kingfisher (5.15.8):
    - Kingfisher/Core (= 5.15.8)
  - Kingfisher/Core (5.15.8)
  - Moya (14.0.0):
    - Moya/Core (= 14.0.0)
  - Moya/Core (14.0.0):
    - Alamofire (~> 5.0)
  - Moya/RxSwift (14.0.0):
    - Moya/Core
    - RxSwift (~> 5.0)
  - NVActivityIndicatorView/Base (5.1.1)
  - NVActivityIndicatorView/Extended (5.1.1):
    - NVActivityIndicatorView/Base
  - PopupDialog (1.1.1):
    - DynamicBlurView (~> 4.0)
  - Realm (10.5.1):
    - Realm/Headers (= 10.5.1)
  - Realm/Headers (10.5.1)
  - RealmSwift (10.5.1):
    - Realm (= 10.5.1)
  - Result (5.0.0)
  - RxCocoa (5.1.1):
    - RxRelay (~> 5)
    - RxSwift (~> 5)
  - RxCoreLocation (1.5.0):
    - RxCoreLocation/Core (= 1.5.0)
  - RxCoreLocation/Core (1.5.0):
    - RxCocoa (~> 5.1)
    - RxSwift (~> 5.1)
  - RxDataSources (4.0.1):
    - Differentiator (~> 4.0)
    - RxCocoa (~> 5.0)
    - RxSwift (~> 5.0)
  - RxGesture (3.0.2):
    - RxCocoa (~> 5.1)
    - RxSwift (~> 5.1)
  - RxRealm (4.0.3):
    - Realm (~> 10.5)
    - RealmSwift (~> 10.5)
    - RxCocoa (~> 5.1)
    - RxSwift (~> 5.1)
  - RxRelay (5.1.1):
    - RxSwift (~> 5)
  - RxSwift (5.1.1)
  - RxSwiftExt (5.2.0):
    - RxSwiftExt/Core (= 5.2.0)
    - RxSwiftExt/RxCocoa (= 5.2.0)
  - RxSwiftExt/Core (5.2.0):
    - RxSwift (~> 5.0)
  - RxSwiftExt/RxCocoa (5.2.0):
    - RxCocoa (~> 5.0)
    - RxSwiftExt/Core
  - SwiftMessages (9.0.0):
    - SwiftMessages/App (= 9.0.0)
  - SwiftMessages/App (9.0.0)
  - UICollectionViewParallaxCell (0.1.3)
  - XCoordinator (2.0.7):
    - XCoordinator/Core (= 2.0.7)
  - XCoordinator/Core (2.0.7)
  - XCoordinator/RxSwift (2.0.7):
    - RxSwift (~> 5.0)
    - XCoordinator/Core

DEPENDENCIES:
  - Action (~> 4.0)
  - Alamofire (~> 5.0)
  - Kingfisher (~> 5.13)
  - Moya (~> 14.0)
  - Moya/RxSwift (~> 14.0)
  - NVActivityIndicatorView/Extended
  - PopupDialog (~> 1.1)
  - RealmSwift
  - Result (~> 5.0)
  - RxCocoa (~> 5.0)
  - RxCoreLocation (~> 1.4)
  - RxDataSources (~> 4.0)
  - RxGesture
  - RxRealm
  - RxSwift (~> 5.0)
  - RxSwiftExt (~> 5)
  - SwiftMessages
  - UICollectionViewParallaxCell
  - XCoordinator (~> 2.0)
  - XCoordinator/RxSwift (~> 2.0)

SPEC REPOS:
  trunk:
    - Action
    - Alamofire
    - Differentiator
    - DynamicBlurView
    - Kingfisher
    - Moya
    - NVActivityIndicatorView
    - PopupDialog
    - Realm
    - RealmSwift
    - Result
    - RxCocoa
    - RxCoreLocation
    - RxDataSources
    - RxGesture
    - RxRealm
    - RxRelay
    - RxSwift
    - RxSwiftExt
    - SwiftMessages
    - UICollectionViewParallaxCell
    - XCoordinator

SPEC CHECKSUMS:
  Action: 5dc2194f7a0b77857c82a677b0da655f197c005f
  Alamofire: 2291f7d21ca607c491dd17642e5d40fdcda0e65c
  Differentiator: 886080237d9f87f322641dedbc5be257061b0602
  DynamicBlurView: 58e18fae80bb614e34681a4486870e7d257b62e8
  Kingfisher: a3c03d702433fa6cfedabb2bddbe076fb8f2e902
  Moya: 5b45dacb75adb009f97fde91c204c1e565d31916
  NVActivityIndicatorView: 1f6c5687f1171810aa27a3296814dc2d7dec3667
  PopupDialog: 720c92befd8bc23c13442254945213db5612f149
  Realm: 77fcb4e0b9f2963ea06f584749a0d7dc9cab95e1
  RealmSwift: 6abe6aa6cd8b70cc1a87afcb9232cabea74ff1ac
  Result: ed341d2f236af425b803e690e9bd8fd0a0cb7c5a
  RxCocoa: 32065309a38d29b5b0db858819b5bf9ef038b601
  RxCoreLocation: 4789d980742b21c087062387f6758b456221fb2f
  RxDataSources: efee07fa4de48477eca0a4611e6d11e2da9c1114
  RxGesture: d6bd7447ca3a596c7a9702a6a2b6a2bb5d8bae54
  RxRealm: 80e8dc97f7b664d9b89192ac850daaa33c34d157
  RxRelay: d77f7d771495f43c556cbc43eebd1bb54d01e8e9
  RxSwift: 81470a2074fa8780320ea5fe4102807cb7118178
  RxSwiftExt: 4ca80336f43c28f11a2825cdd2fc61dd6c044697
  SwiftMessages: 55274ca3a239062398603008ed81924cfd1fe798
  UICollectionViewParallaxCell: 1102b47af95697fb52a235a6d1b6b9246f927d18
  XCoordinator: 9ee654fedef1ffede33d5c11677708a555c00542

PODFILE CHECKSUM: 3e9c74f53fc144df334bfa52d8d12590ae3c5283

COCOAPODS: 1.10.1
